github.com/fajarsujai/go-say-hello v1.0.0 h1:6CtUeerhxmYGED47t4zD4zsil8t3e+yqux0kmY9Hu14=
github.com/fajarsujai/go-say-hello v1.0.0/go.mod h1:NNeOK2G5AajkQJNKUDhBY0VAl5pHolyUcaWR4POG4Uw=
github.com/fajarsujai/go-say-hello v1.1.0 h1:NPlQjJhlexeH0YfJv+1ae44NmAmp+JcIRdScg42iHlY=
github.com/fajarsujai/go-say-hello v1.1.0/go.mod h1:NNeOK2G5AajkQJNKUDhBY0VAl5pHolyUcaWR4POG4Uw=
github.com/fajarsujai/go-say-hello v1.2.0 h1:wGlWrcs076+yuTRC9ZtFy9/0ub3gV/UPMpSpiwUkJVA=
github.com/fajarsujai/go-say-hello v1.2.0/go.mod h1:NNeOK2G5AajkQJNKUDhBY0VAl5pHolyUcaWR4POG4Uw=
github.com/fajarsujai/go-say-hello/v2 v2.0.0 h1:TTs870CSk13NjTS33sng4Isb8gGba8/qmGe8uZIZYAk=
github.com/fajarsujai/go-say-hello/v2 v2.0.0/go.mod h1:xLXtDqg60fzks68W3d9iRN0ulzg4D68e4Zu/S7HffGc=
github.com/fajarsujai/go-say-hello/v2 v2.1.0 h1:S9ta16EmVJIzzG9MKy/0CKAfuL3N4H1QDYQuFgSkmSI=
github.com/fajarsujai/go-say-hello/v2 v2.1.0/go.mod h1:xLXtDqg60fzks68W3d9iRN0ulzg4D68e4Zu/S7HffGc=
